// !$*UTF8*$!
{
	archiveVersion = 1;
	classes = {
	};
	objectVersion = 50;
	objects = {

/* Begin PBXBuildFile section */
		6361A0522438E6F70019CA9B /* AppDelegate.swift in Sources */ = {isa = PBXBuildFile; fileRef = 6361A0512438E6F70019CA9B /* AppDelegate.swift */; };
		6361A0542438E6F70019CA9B /* SceneDelegate.swift in Sources */ = {isa = PBXBuildFile; fileRef = 6361A0532438E6F70019CA9B /* SceneDelegate.swift */; };
		6361A0562438E6F70019CA9B /* ViewController.swift in Sources */ = {isa = PBXBuildFile; fileRef = 6361A0552438E6F70019CA9B /* ViewController.swift */; };
		6361A0592438E6F70019CA9B /* Main.storyboard in Resources */ = {isa = PBXBuildFile; fileRef = 6361A0572438E6F70019CA9B /* Main.storyboard */; };
		6361A05B2438E6FD0019CA9B /* Assets.xcassets in Resources */ = {isa = PBXBuildFile; fileRef = 6361A05A2438E6FD0019CA9B /* Assets.xcassets */; };
		6361A05E2438E6FD0019CA9B /* LaunchScreen.storyboard in Resources */ = {isa = PBXBuildFile; fileRef = 6361A05C2438E6FD0019CA9B /* LaunchScreen.storyboard */; };
		6361A067243A3B310019CA9B /* CombineViewController.swift in Sources */ = {isa = PBXBuildFile; fileRef = 6361A066243A3B310019CA9B /* CombineViewController.swift */; };
		6361A06A243A42EC0019CA9B /* CombineCardView.swift in Sources */ = {isa = PBXBuildFile; fileRef = 6361A069243A42EC0019CA9B /* CombineCardView.swift */; };
		6361A06F243A48C60019CA9B /* UiView.swift in Sources */ = {isa = PBXBuildFile; fileRef = 6361A06E243A48C60019CA9B /* UiView.swift */; };
		6361A071243A4E3E0019CA9B /* UiLabel.swift in Sources */ = {isa = PBXBuildFile; fileRef = 6361A070243A4E3E0019CA9B /* UiLabel.swift */; };
		6361A074243A52C10019CA9B /* Usuario.swift in Sources */ = {isa = PBXBuildFile; fileRef = 6361A073243A52C10019CA9B /* Usuario.swift */; };
		6361A077243A53A40019CA9B /* UsuarioService.swift in Sources */ = {isa = PBXBuildFile; fileRef = 6361A076243A53A40019CA9B /* UsuarioService.swift */; };
		6361A079243A580D0019CA9B /* UiImageView.swift in Sources */ = {isa = PBXBuildFile; fileRef = 6361A078243A580D0019CA9B /* UiImageView.swift */; };
		6361A07B243A5E460019CA9B /* UiButton.swift in Sources */ = {isa = PBXBuildFile; fileRef = 6361A07A243A5E460019CA9B /* UiButton.swift */; };
		6361A07D243BDAD40019CA9B /* Loading.swift in Sources */ = {isa = PBXBuildFile; fileRef = 6361A07C243BDAD40019CA9B /* Loading.swift */; };
/* End PBXBuildFile section */

/* Begin PBXFileReference section */
		6361A04E2438E6F70019CA9B /* TinderClone.app */ = {isa = PBXFileReference; explicitFileType = wrapper.application; includeInIndex = 0; path = TinderClone.app; sourceTree = BUILT_PRODUCTS_DIR; };
		6361A0512438E6F70019CA9B /* AppDelegate.swift */ = {isa = PBXFileReference; lastKnownFileType = sourcecode.swift; path = AppDelegate.swift; sourceTree = "<group>"; };
		6361A0532438E6F70019CA9B /* SceneDelegate.swift */ = {isa = PBXFileReference; lastKnownFileType = sourcecode.swift; path = SceneDelegate.swift; sourceTree = "<group>"; };
		6361A0552438E6F70019CA9B /* ViewController.swift */ = {isa = PBXFileReference; lastKnownFileType = sourcecode.swift; path = ViewController.swift; sourceTree = "<group>"; };
		6361A0582438E6F70019CA9B /* Base */ = {isa = PBXFileReference; lastKnownFileType = file.storyboard; name = Base; path = Base.lproj/Main.storyboard; sourceTree = "<group>"; };
		6361A05A2438E6FD0019CA9B /* Assets.xcassets */ = {isa = PBXFileReference; lastKnownFileType = folder.assetcatalog; path = Assets.xcassets; sourceTree = "<group>"; };
		6361A05D2438E6FD0019CA9B /* Base */ = {isa = PBXFileReference; lastKnownFileType = file.storyboard; name = Base; path = Base.lproj/LaunchScreen.storyboard; sourceTree = "<group>"; };
		6361A05F2438E6FD0019CA9B /* Info.plist */ = {isa = PBXFileReference; lastKnownFileType = text.plist.xml; path = Info.plist; sourceTree = "<group>"; };
		6361A066243A3B310019CA9B /* CombineViewController.swift */ = {isa = PBXFileReference; lastKnownFileType = sourcecode.swift; path = CombineViewController.swift; sourceTree = "<group>"; };
		6361A069243A42EC0019CA9B /* CombineCardView.swift */ = {isa = PBXFileReference; lastKnownFileType = sourcecode.swift; path = CombineCardView.swift; sourceTree = "<group>"; };
		6361A06E243A48C60019CA9B /* UiView.swift */ = {isa = PBXFileReference; fileEncoding = 4; lastKnownFileType = sourcecode.swift; path = UiView.swift; sourceTree = "<group>"; };
		6361A070243A4E3E0019CA9B /* UiLabel.swift */ = {isa = PBXFileReference; lastKnownFileType = sourcecode.swift; path = UiLabel.swift; sourceTree = "<group>"; };
		6361A073243A52C10019CA9B /* Usuario.swift */ = {isa = PBXFileReference; lastKnownFileType = sourcecode.swift; path = Usuario.swift; sourceTree = "<group>"; };
		6361A076243A53A40019CA9B /* UsuarioService.swift */ = {isa = PBXFileReference; lastKnownFileType = sourcecode.swift; path = UsuarioService.swift; sourceTree = "<group>"; };
		6361A078243A580D0019CA9B /* UiImageView.swift */ = {isa = PBXFileReference; lastKnownFileType = sourcecode.swift; path = UiImageView.swift; sourceTree = "<group>"; };
		6361A07A243A5E460019CA9B /* UiButton.swift */ = {isa = PBXFileReference; lastKnownFileType = sourcecode.swift; path = UiButton.swift; sourceTree = "<group>"; };
		6361A07C243BDAD40019CA9B /* Loading.swift */ = {isa = PBXFileReference; lastKnownFileType = sourcecode.swift; path = Loading.swift; sourceTree = "<group>"; };
/* End PBXFileReference section */

/* Begin PBXFrameworksBuildPhase section */
		6361A04B2438E6F70019CA9B /* Frameworks */ = {
			isa = PBXFrameworksBuildPhase;
			buildActionMask = 2147483647;
			files = (
			);
			runOnlyForDeploymentPostprocessing = 0;
		};
/* End PBXFrameworksBuildPhase section */

/* Begin PBXGroup section */
		6361A0452438E6F70019CA9B = {
			isa = PBXGroup;
			children = (
				6361A0502438E6F70019CA9B /* TinderClone */,
				6361A04F2438E6F70019CA9B /* Products */,
			);
			sourceTree = "<group>";
		};
		6361A04F2438E6F70019CA9B /* Products */ = {
			isa = PBXGroup;
			children = (
				6361A04E2438E6F70019CA9B /* TinderClone.app */,
			);
			name = Products;
			sourceTree = "<group>";
		};
		6361A0502438E6F70019CA9B /* TinderClone */ = {
			isa = PBXGroup;
			children = (
				6361A075243A539B0019CA9B /* Service */,
				6361A072243A52B30019CA9B /* Model */,
				6361A06D243A48320019CA9B /* Lib */,
				6361A068243A42DF0019CA9B /* View */,
				6361A065243A3B170019CA9B /* Controller */,
				6361A0512438E6F70019CA9B /* AppDelegate.swift */,
				6361A0532438E6F70019CA9B /* SceneDelegate.swift */,
				6361A0552438E6F70019CA9B /* ViewController.swift */,
				6361A0572438E6F70019CA9B /* Main.storyboard */,
				6361A05A2438E6FD0019CA9B /* Assets.xcassets */,
				6361A05C2438E6FD0019CA9B /* LaunchScreen.storyboard */,
				6361A05F2438E6FD0019CA9B /* Info.plist */,
			);
			path = TinderClone;
			sourceTree = "<group>";
		};
		6361A065243A3B170019CA9B /* Controller */ = {
			isa = PBXGroup;
			children = (
				6361A066243A3B310019CA9B /* CombineViewController.swift */,
			);
			path = Controller;
			sourceTree = "<group>";
		};
		6361A068243A42DF0019CA9B /* View */ = {
			isa = PBXGroup;
			children = (
				6361A069243A42EC0019CA9B /* CombineCardView.swift */,
				6361A07C243BDAD40019CA9B /* Loading.swift */,
			);
			path = View;
			sourceTree = "<group>";
		};
		6361A06D243A48320019CA9B /* Lib */ = {
			isa = PBXGroup;
			children = (
				6361A06E243A48C60019CA9B /* UiView.swift */,
				6361A070243A4E3E0019CA9B /* UiLabel.swift */,
				6361A078243A580D0019CA9B /* UiImageView.swift */,
				6361A07A243A5E460019CA9B /* UiButton.swift */,
			);
			path = Lib;
			sourceTree = "<group>";
		};
		6361A072243A52B30019CA9B /* Model */ = {
			isa = PBXGroup;
			children = (
				6361A073243A52C10019CA9B /* Usuario.swift */,
			);
			path = Model;
			sourceTree = "<group>";
		};
		6361A075243A539B0019CA9B /* Service */ = {
			isa = PBXGroup;
			children = (
				6361A076243A53A40019CA9B /* UsuarioService.swift */,
			);
			path = Service;
			sourceTree = "<group>";
		};
/* End PBXGroup section */

/* Begin PBXNativeTarget section */
		6361A04D2438E6F70019CA9B /* TinderClone */ = {
			isa = PBXNativeTarget;
			buildConfigurationList = 6361A0622438E6FD0019CA9B /* Build configuration list for PBXNativeTarget "TinderClone" */;
			buildPhases = (
				6361A04A2438E6F70019CA9B /* Sources */,
				6361A04B2438E6F70019CA9B /* Frameworks */,
				6361A04C2438E6F70019CA9B /* Resources */,
			);
			buildRules = (
			);
			dependencies = (
			);
			name = TinderClone;
			productName = TinderClone;
			productReference = 6361A04E2438E6F70019CA9B /* TinderClone.app */;
			productType = "com.apple.product-type.application";
		};
/* End PBXNativeTarget section */

/* Begin PBXProject section */
		6361A0462438E6F70019CA9B /* Project object */ = {
			isa = PBXProject;
			attributes = {
				LastSwiftUpdateCheck = 1140;
				LastUpgradeCheck = 1140;
				ORGANIZATIONNAME = "Felipe Cisotto";
				TargetAttributes = {
					6361A04D2438E6F70019CA9B = {
						CreatedOnToolsVersion = 11.4;
					};
				};
			};
			buildConfigurationList = 6361A0492438E6F70019CA9B /* Build configuration list for PBXProject "TinderClone" */;
			compatibilityVersion = "Xcode 9.3";
			developmentRegion = en;
			hasScannedForEncodings = 0;
			knownRegions = (
				en,
				Base,
			);
			mainGroup = 6361A0452438E6F70019CA9B;
			productRefGroup = 6361A04F2438E6F70019CA9B /* Products */;
			projectDirPath = "";
			projectRoot = "";
			targets = (
				6361A04D2438E6F70019CA9B /* TinderClone */,
			);
		};
/* End PBXProject section */

/* Begin PBXResourcesBuildPhase section */
		6361A04C2438E6F70019CA9B /* Resources */ = {
			isa = PBXResourcesBuildPhase;
			buildActionMask = 2147483647;
			files = (
				6361A05E2438E6FD0019CA9B /* LaunchScreen.storyboard in Resources */,
				6361A05B2438E6FD0019CA9B /* Assets.xcassets in Resources */,
				6361A0592438E6F70019CA9B /* Main.storyboard in Resources */,
			);
			runOnlyForDeploymentPostprocessing = 0;
		};
/* End PBXResourcesBuildPhase section */

/* Begin PBXSourcesBuildPhase section */
		6361A04A2438E6F70019CA9B /* Sources */ = {
			isa = PBXSourcesBuildPhase;
			buildActionMask = 2147483647;
			files = (
				6361A079243A580D0019CA9B /* UiImageView.swift in Sources */,
				6361A077243A53A40019CA9B /* UsuarioService.swift in Sources */,
				6361A074243A52C10019CA9B /* Usuario.swift in Sources */,
				6361A0562438E6F70019CA9B /* ViewController.swift in Sources */,
				6361A0522438E6F70019CA9B /* AppDelegate.swift in Sources */,
				6361A071243A4E3E0019CA9B /* UiLabel.swift in Sources */,
				6361A07B243A5E460019CA9B /* UiButton.swift in Sources */,
				6361A06F243A48C60019CA9B /* UiView.swift in Sources */,
				6361A06A243A42EC0019CA9B /* CombineCardView.swift in Sources */,
				6361A067243A3B310019CA9B /* CombineViewController.swift in Sources */,
				6361A07D243BDAD40019CA9B /* Loading.swift in Sources */,
				6361A0542438E6F70019CA9B /* SceneDelegate.swift in Sources */,
			);
			runOnlyForDeploymentPostprocessing = 0;
		};
/* End PBXSourcesBuildPhase section */

/* Begin PBXVariantGroup section */
		6361A0572438E6F70019CA9B /* Main.storyboard */ = {
			isa = PBXVariantGroup;
			children = (
				6361A0582438E6F70019CA9B /* Base */,
			);
			name = Main.storyboard;
			sourceTree = "<group>";
		};
		6361A05C2438E6FD0019CA9B /* LaunchScreen.storyboard */ = {
			isa = PBXVariantGroup;
			children = (
				6361A05D2438E6FD0019CA9B /* Base */,
			);
			name = LaunchScreen.storyboard;
			sourceTree = "<group>";
		};
/* End PBXVariantGroup section */

/* Begin XCBuildConfiguration section */
		6361A0602438E6FD0019CA9B /* Debug */ = {
			isa = XCBuildConfiguration;
			buildSettings = {
				ALWAYS_SEARCH_USER_PATHS = NO;
				CLANG_ANALYZER_NONNULL = YES;
				CLANG_ANALYZER_NUMBER_OBJECT_CONVERSION = YES_AGGRESSIVE;
				CLANG_CXX_LANGUAGE_STANDARD = "gnu++14";
				CLANG_CXX_LIBRARY = "libc++";
				CLANG_ENABLE_MODULES = YES;
				CLANG_ENABLE_OBJC_ARC = YES;
				CLANG_ENABLE_OBJC_WEAK = YES;
				CLANG_WARN_BLOCK_CAPTURE_AUTORELEASING = YES;
				CLANG_WARN_BOOL_CONVERSION = YES;
				CLANG_WARN_COMMA = YES;
				CLANG_WARN_CONSTANT_CONVERSION = YES;
				CLANG_WARN_DEPRECATED_OBJC_IMPLEMENTATIONS = YES;
				CLANG_WARN_DIRECT_OBJC_ISA_USAGE = YES_ERROR;
				CLANG_WARN_DOCUMENTATION_COMMENTS = YES;
				CLANG_WARN_EMPTY_BODY = YES;
				CLANG_WARN_ENUM_CONVERSION = YES;
				CLANG_WARN_INFINITE_RECURSION = YES;
				CLANG_WARN_INT_CONVERSION = YES;
				CLANG_WARN_NON_LITERAL_NULL_CONVERSION = YES;
				CLANG_WARN_OBJC_IMPLICIT_RETAIN_SELF = YES;
				CLANG_WARN_OBJC_LITERAL_CONVERSION = YES;
				CLANG_WARN_OBJC_ROOT_CLASS = YES_ERROR;
				CLANG_WARN_RANGE_LOOP_ANALYSIS = YES;
				CLANG_WARN_STRICT_PROTOTYPES = YES;
				CLANG_WARN_SUSPICIOUS_MOVE = YES;
				CLANG_WARN_UNGUARDED_AVAILABILITY = YES_AGGRESSIVE;
				CLANG_WARN_UNREACHABLE_CODE = YES;
				CLANG_WARN__DUPLICATE_METHOD_MATCH = YES;
				COPY_PHASE_STRIP = NO;
				DEBUG_INFORMATION_FORMAT = dwarf;
				ENABLE_STRICT_OBJC_MSGSEND = YES;
				ENABLE_TESTABILITY = YES;
				GCC_C_LANGUAGE_STANDARD = gnu11;
				GCC_DYNAMIC_NO_PIC = NO;
				GCC_NO_COMMON_BLOCKS = YES;
				GCC_OPTIMIZATION_LEVEL = 0;
				GCC_PREPROCESSOR_DEFINITIONS = (
					"DEBUG=1",
					"$(inherited)",
				);
				GCC_WARN_64_TO_32_BIT_CONVERSION = YES;
				GCC_WARN_ABOUT_RETURN_TYPE = YES_ERROR;
				GCC_WARN_UNDECLARED_SELECTOR = YES;
				GCC_WARN_UNINITIALIZED_AUTOS = YES_AGGRESSIVE;
				GCC_WARN_UNUSED_FUNCTION = YES;
				GCC_WARN_UNUSED_VARIABLE = YES;
				IPHONEOS_DEPLOYMENT_TARGET = 13.4;
				MTL_ENABLE_DEBUG_INFO = INCLUDE_SOURCE;
				MTL_FAST_MATH = YES;
				ONLY_ACTIVE_ARCH = YES;
				SDKROOT = iphoneos;
				SWIFT_ACTIVE_COMPILATION_CONDITIONS = DEBUG;
				SWIFT_OPTIMIZATION_LEVEL = "-Onone";
			};
			name = Debug;
		};
		6361A0612438E6FD0019CA9B /* Release */ = {
			isa = XCBuildConfiguration;
			buildSettings = {
				ALWAYS_SEARCH_USER_PATHS = NO;
				CLANG_ANALYZER_NONNULL = YES;
				CLANG_ANALYZER_NUMBER_OBJECT_CONVERSION = YES_AGGRESSIVE;
				CLANG_CXX_LANGUAGE_STANDARD = "gnu++14";
				CLANG_CXX_LIBRARY = "libc++";
				CLANG_ENABLE_MODULES = YES;
				CLANG_ENABLE_OBJC_ARC = YES;
				CLANG_ENABLE_OBJC_WEAK = YES;
				CLANG_WARN_BLOCK_CAPTURE_AUTORELEASING = YES;
				CLANG_WARN_BOOL_CONVERSION = YES;
				CLANG_WARN_COMMA = YES;
				CLANG_WARN_CONSTANT_CONVERSION = YES;
				CLANG_WARN_DEPRECATED_OBJC_IMPLEMENTATIONS = YES;
				CLANG_WARN_DIRECT_OBJC_ISA_USAGE = YES_ERROR;
				CLANG_WARN_DOCUMENTATION_COMMENTS = YES;
				CLANG_WARN_EMPTY_BODY = YES;
				CLANG_WARN_ENUM_CONVERSION = YES;
				CLANG_WARN_INFINITE_RECURSION = YES;
				CLANG_WARN_INT_CONVERSION = YES;
				CLANG_WARN_NON_LITERAL_NULL_CONVERSION = YES;
				CLANG_WARN_OBJC_IMPLICIT_RETAIN_SELF = YES;
				CLANG_WARN_OBJC_LITERAL_CONVERSION = YES;
				CLANG_WARN_OBJC_ROOT_CLASS = YES_ERROR;
				CLANG_WARN_RANGE_LOOP_ANALYSIS = YES;
				CLANG_WARN_STRICT_PROTOTYPES = YES;
				CLANG_WARN_SUSPICIOUS_MOVE = YES;
				CLANG_WARN_UNGUARDED_AVAILABILITY = YES_AGGRESSIVE;
				CLANG_WARN_UNREACHABLE_CODE = YES;
				CLANG_WARN__DUPLICATE_METHOD_MATCH = YES;
				COPY_PHASE_STRIP = NO;
				DEBUG_INFORMATION_FORMAT = "dwarf-with-dsym";
				ENABLE_NS_ASSERTIONS = NO;
				ENABLE_STRICT_OBJC_MSGSEND = YES;
				GCC_C_LANGUAGE_STANDARD = gnu11;
				GCC_NO_COMMON_BLOCKS = YES;
				GCC_WARN_64_TO_32_BIT_CONVERSION = YES;
				GCC_WARN_ABOUT_RETURN_TYPE = YES_ERROR;
				GCC_WARN_UNDECLARED_SELECTOR = YES;
				GCC_WARN_UNINITIALIZED_AUTOS = YES_AGGRESSIVE;
				GCC_WARN_UNUSED_FUNCTION = YES;
				GCC_WARN_UNUSED_VARIABLE = YES;
				IPHONEOS_DEPLOYMENT_TARGET = 13.4;
				MTL_ENABLE_DEBUG_INFO = NO;
				MTL_FAST_MATH = YES;
				SDKROOT = iphoneos;
				SWIFT_COMPILATION_MODE = wholemodule;
				SWIFT_OPTIMIZATION_LEVEL = "-O";
				VALIDATE_PRODUCT = YES;
			};
			name = Release;
		};
		6361A0632438E6FD0019CA9B /* Debug */ = {
			isa = XCBuildConfiguration;
			buildSettings = {
				ASSETCATALOG_COMPILER_APPICON_NAME = AppIcon;
				CODE_SIGN_STYLE = Automatic;
				INFOPLIST_FILE = TinderClone/Info.plist;
				LD_RUNPATH_SEARCH_PATHS = (
					"$(inherited)",
					"@executable_path/Frameworks",
				);
				PRODUCT_BUNDLE_IDENTIFIER = felipeTest.TinderClone;
				PRODUCT_NAME = "$(TARGET_NAME)";
				SWIFT_VERSION = 5.0;
				TARGETED_DEVICE_FAMILY = "1,2";
			};
			name = Debug;
		};
		6361A0642438E6FD0019CA9B /* Release */ = {
			isa = XCBuildConfiguration;
			buildSettings = {
				ASSETCATALOG_COMPILER_APPICON_NAME = AppIcon;
				CODE_SIGN_STYLE = Automatic;
				INFOPLIST_FILE = TinderClone/Info.plist;
				LD_RUNPATH_SEARCH_PATHS = (
					"$(inherited)",
					"@executable_path/Frameworks",
				);
				PRODUCT_BUNDLE_IDENTIFIER = felipeTest.TinderClone;
				PRODUCT_NAME = "$(TARGET_NAME)";
				SWIFT_VERSION = 5.0;
				TARGETED_DEVICE_FAMILY = "1,2";
			};
			name = Release;
		};
/* End XCBuildConfiguration section */

/* Begin XCConfigurationList section */
		6361A0492438E6F70019CA9B /* Build configuration list for PBXProject "TinderClone" */ = {
			isa = XCConfigurationList;
			buildConfigurations = (
				6361A0602438E6FD0019CA9B /* Debug */,
				6361A0612438E6FD0019CA9B /* Release */,
			);
			defaultConfigurationIsVisible = 0;
			defaultConfigurationName = Release;
		};
		6361A0622438E6FD0019CA9B /* Build configuration list for PBXNativeTarget "TinderClone" */ = {
			isa = XCConfigurationList;
			buildConfigurations = (
				6361A0632438E6FD0019CA9B /* Debug */,
				6361A0642438E6FD0019CA9B /* Release */,
			);
			defaultConfigurationIsVisible = 0;
			defaultConfigurationName = Release;
		};
/* End XCConfigurationList section */
	};
	rootObject = 6361A0462438E6F70019CA9B /* Project object */;
}
